
Microsoft Visual Studio Solution File, Format Version 11.00
# Visual Studio 2010
Project("{FAE04EC0-301F-11D3-BF4B-00C04F79EFBC}") = "Test Harness", "Test Harness\Test Harness.csproj", "{D1427BC8-307E-4C37-AB68-BDA412E2C952}"
EndProject
Project("{FAE04EC0-301F-11D3-BF4B-00C04F79EFBC}") = "Backend", "Backend\Backend.csproj", "{D3A9E7AD-ECC1-4698-9AB2-71BFA87EA99F}"
EndProject
Project("{2150E333-8FDC-42A3-9474-1A3956D46DE8}") = "Solution Items", "Solution Items", "{83825CE6-2E9D-45C1-802F-837D3F0C52BD}"
EndProject
Project("{FAE04EC0-301F-11D3-BF4B-00C04F79EFBC}") = "GUI_FrontEnd", "GUI_FrontEnd\GUI_FrontEnd.csproj", "{3F430BF2-C9B1-4746-82F6-46698CD57840}"
EndProject
Global
	GlobalSection(SolutionConfigurationPlatforms) = preSolution
		Debug|x64 = Debug|x64
		Debug|x86 = Debug|x86
		Release|x64 = Release|x64
		Release|x86 = Release|x86
	EndGlobalSection
	GlobalSection(ProjectConfigurationPlatforms) = postSolution
		{D1427BC8-307E-4C37-AB68-BDA412E2C952}.Debug|x64.ActiveCfg = Debug|x86
		{D1427BC8-307E-4C37-AB68-BDA412E2C952}.Debug|x64.Build.0 = Debug|x86
		{D1427BC8-307E-4C37-AB68-BDA412E2C952}.Debug|x86.ActiveCfg = Debug|x86
		{D1427BC8-307E-4C37-AB68-BDA412E2C952}.Debug|x86.Build.0 = Debug|x86
		{D1427BC8-307E-4C37-AB68-BDA412E2C952}.Release|x64.ActiveCfg = Release|x86
		{D1427BC8-307E-4C37-AB68-BDA412E2C952}.Release|x64.Build.0 = Release|x86
		{D1427BC8-307E-4C37-AB68-BDA412E2C952}.Release|x86.ActiveCfg = Release|x86
		{D1427BC8-307E-4C37-AB68-BDA412E2C952}.Release|x86.Build.0 = Release|x86
		{D3A9E7AD-ECC1-4698-9AB2-71BFA87EA99F}.Debug|x64.ActiveCfg = Debug|x86
		{D3A9E7AD-ECC1-4698-9AB2-71BFA87EA99F}.Debug|x64.Build.0 = Debug|x86
		{D3A9E7AD-ECC1-4698-9AB2-71BFA87EA99F}.Debug|x86.ActiveCfg = Debug|x86
		{D3A9E7AD-ECC1-4698-9AB2-71BFA87EA99F}.Debug|x86.Build.0 = Debug|x86
		{D3A9E7AD-ECC1-4698-9AB2-71BFA87EA99F}.Release|x64.ActiveCfg = Release|x86
		{D3A9E7AD-ECC1-4698-9AB2-71BFA87EA99F}.Release|x64.Build.0 = Release|x86
		{D3A9E7AD-ECC1-4698-9AB2-71BFA87EA99F}.Release|x86.ActiveCfg = Release|x86
		{D3A9E7AD-ECC1-4698-9AB2-71BFA87EA99F}.Release|x86.Build.0 = Release|x86
		{3F430BF2-C9B1-4746-82F6-46698CD57840}.Debug|x64.ActiveCfg = Debug|x86
		{3F430BF2-C9B1-4746-82F6-46698CD57840}.Debug|x64.Build.0 = Debug|x86
		{3F430BF2-C9B1-4746-82F6-46698CD57840}.Debug|x86.ActiveCfg = Debug|x86
		{3F430BF2-C9B1-4746-82F6-46698CD57840}.Debug|x86.Build.0 = Debug|x86
		{3F430BF2-C9B1-4746-82F6-46698CD57840}.Release|x64.ActiveCfg = Release|x86
		{3F430BF2-C9B1-4746-82F6-46698CD57840}.Release|x86.ActiveCfg = Release|x86
		{3F430BF2-C9B1-4746-82F6-46698CD57840}.Release|x86.Build.0 = Release|x86
	EndGlobalSection
	GlobalSection(SolutionProperties) = preSolution
		HideSolutionNode = FALSE
	EndGlobalSection
EndGlobal
